
Microsoft Visual Studio Solution File, Format Version 12.00
# Visual Studio Version 16
VisualStudioVersion = 16.0.31005.135
MinimumVisualStudioVersion = 10.0.40219.1
Project("{FAE04EC0-301F-11D3-BF4B-00C04F79EFBC}") = "Sample_CRUD", "Sample_CRUD.csproj", "{62DF8198-A131-44D2-991D-022A24E157E6}"
EndProject
Project("{FAE04EC0-301F-11D3-BF4B-00C04F79EFBC}") = "Sample_CRUD.Tests", "..\Sample_CRUD.Tests\Sample_CRUD.Tests.csproj", "{3A95A9F2-0807-400C-84F6-2AC078D5CC47}"
EndProject
Global
	GlobalSection(SolutionConfigurationPlatforms) = preSolution
		Debug|Any CPU = Debug|Any CPU
		Release|Any CPU = Release|Any CPU
	EndGlobalSection
	GlobalSection(ProjectConfigurationPlatforms) = postSolution
		{62DF8198-A131-44D2-991D-022A24E157E6}.Debug|Any CPU.ActiveCfg = Debug|Any CPU
		{62DF8198-A131-44D2-991D-022A24E157E6}.Debug|Any CPU.Build.0 = Debug|Any CPU
		{62DF8198-A131-44D2-991D-022A24E157E6}.Release|Any CPU.ActiveCfg = Release|Any CPU
		{62DF8198-A131-44D2-991D-022A24E157E6}.Release|Any CPU.Build.0 = Release|Any CPU
		{3A95A9F2-0807-400C-84F6-2AC078D5CC47}.Debug|Any CPU.ActiveCfg = Debug|Any CPU
		{3A95A9F2-0807-400C-84F6-2AC078D5CC47}.Debug|Any CPU.Build.0 = Debug|Any CPU
		{3A95A9F2-0807-400C-84F6-2AC078D5CC47}.Release|Any CPU.ActiveCfg = Release|Any CPU
		{3A95A9F2-0807-400C-84F6-2AC078D5CC47}.Release|Any CPU.Build.0 = Release|Any CPU
	EndGlobalSection
	GlobalSection(SolutionProperties) = preSolution
		HideSolutionNode = FALSE
	EndGlobalSection
	GlobalSection(ExtensibilityGlobals) = postSolution
		SolutionGuid = {A9208AEE-0C24-4D30-AB02-EAEEAB4D37E6}
	EndGlobalSection
EndGlobal
